
Microsoft Visual Studio Solution File, Format Version 11.00
# Visual Studio 2010
# SharpDevelop 4.3
Project("{FAE04EC0-301F-11D3-BF4B-00C04F79EFBC}") = "vzMassEsper", "vzMassEsper\vzMassEsper.csproj", "{530E2127-7EBB-476F-8748-90C25FDC6F72}"
EndProject
Global
	GlobalSection(SolutionConfigurationPlatforms) = preSolution
		Debug|Any CPU = Debug|Any CPU
		Release|Any CPU = Release|Any CPU
	EndGlobalSection
	GlobalSection(ProjectConfigurationPlatforms) = postSolution
		{530E2127-7EBB-476F-8748-90C25FDC6F72}.Debug|Any CPU.Build.0 = Debug|Any CPU
		{530E2127-7EBB-476F-8748-90C25FDC6F72}.Debug|Any CPU.ActiveCfg = Debug|Any CPU
		{530E2127-7EBB-476F-8748-90C25FDC6F72}.Release|Any CPU.Build.0 = Release|Any CPU
		{530E2127-7EBB-476F-8748-90C25FDC6F72}.Release|Any CPU.ActiveCfg = Release|Any CPU
	EndGlobalSection
EndGlobal
